
Microsoft Visual Studio Solution File, Format Version 12.00
# Visual Studio Version 16
VisualStudioVersion = 25.0.1705.7
MinimumVisualStudioVersion = 10.0.40219.1
Project("{FAE04EC0-301F-11D3-BF4B-00C04F79EFBC}") = "TheLockedDoor", "TheLockedDoor\TheLockedDoor.csproj", "{C09611FB-142D-42F3-93DF-B2ABB6DB427C}"
EndProject
Global
	GlobalSection(SolutionConfigurationPlatforms) = preSolution
		Debug|Any CPU = Debug|Any CPU
		Release|Any CPU = Release|Any CPU
	EndGlobalSection
	GlobalSection(ProjectConfigurationPlatforms) = postSolution
		{C09611FB-142D-42F3-93DF-B2ABB6DB427C}.Debug|Any CPU.ActiveCfg = Debug|Any CPU
		{C09611FB-142D-42F3-93DF-B2ABB6DB427C}.Debug|Any CPU.Build.0 = Debug|Any CPU
		{C09611FB-142D-42F3-93DF-B2ABB6DB427C}.Release|Any CPU.ActiveCfg = Release|Any CPU
		{C09611FB-142D-42F3-93DF-B2ABB6DB427C}.Release|Any CPU.Build.0 = Release|Any CPU
	EndGlobalSection
	GlobalSection(SolutionProperties) = preSolution
		HideSolutionNode = FALSE
	EndGlobalSection
	GlobalSection(ExtensibilityGlobals) = postSolution
		SolutionGuid = {4E0EC5C4-344A-43C2-AB60-D8FA71AD958C}
	EndGlobalSection
EndGlobal
