
Microsoft Visual Studio Solution File, Format Version 12.00
# Visual Studio Version 16
VisualStudioVersion = 25.0.1706.0
MinimumVisualStudioVersion = 10.0.40219.1
Project("{FAE04EC0-301F-11D3-BF4B-00C04F79EFBC}") = "Tic-Tac-Toe", "Tic-Tac-Toe\Tic-Tac-Toe.csproj", "{3BAC1501-B412-4BFB-B42E-E3225C1A9590}"
EndProject
Global
	GlobalSection(SolutionConfigurationPlatforms) = preSolution
		Debug|Any CPU = Debug|Any CPU
		Release|Any CPU = Release|Any CPU
	EndGlobalSection
	GlobalSection(ProjectConfigurationPlatforms) = postSolution
		{3BAC1501-B412-4BFB-B42E-E3225C1A9590}.Debug|Any CPU.ActiveCfg = Debug|Any CPU
		{3BAC1501-B412-4BFB-B42E-E3225C1A9590}.Debug|Any CPU.Build.0 = Debug|Any CPU
		{3BAC1501-B412-4BFB-B42E-E3225C1A9590}.Release|Any CPU.ActiveCfg = Release|Any CPU
		{3BAC1501-B412-4BFB-B42E-E3225C1A9590}.Release|Any CPU.Build.0 = Release|Any CPU
	EndGlobalSection
	GlobalSection(SolutionProperties) = preSolution
		HideSolutionNode = FALSE
	EndGlobalSection
	GlobalSection(ExtensibilityGlobals) = postSolution
		SolutionGuid = {0CBD0D28-E0EA-46A2-97E8-F7F0D010E1E5}
	EndGlobalSection
EndGlobal
