
Microsoft Visual Studio Solution File, Format Version 12.00
# Visual Studio Version 16
VisualStudioVersion = 25.0.1705.6
MinimumVisualStudioVersion = 10.0.40219.1
Project("{FAE04EC0-301F-11D3-BF4B-00C04F79EFBC}") = "BuyingInventory", "BuyingInventory\BuyingInventory.csproj", "{39DF7E54-2A7C-415D-9D7B-629BAED894E1}"
EndProject
Global
	GlobalSection(SolutionConfigurationPlatforms) = preSolution
		Debug|Any CPU = Debug|Any CPU
		Release|Any CPU = Release|Any CPU
	EndGlobalSection
	GlobalSection(ProjectConfigurationPlatforms) = postSolution
		{39DF7E54-2A7C-415D-9D7B-629BAED894E1}.Debug|Any CPU.ActiveCfg = Debug|Any CPU
		{39DF7E54-2A7C-415D-9D7B-629BAED894E1}.Debug|Any CPU.Build.0 = Debug|Any CPU
		{39DF7E54-2A7C-415D-9D7B-629BAED894E1}.Release|Any CPU.ActiveCfg = Release|Any CPU
		{39DF7E54-2A7C-415D-9D7B-629BAED894E1}.Release|Any CPU.Build.0 = Release|Any CPU
	EndGlobalSection
	GlobalSection(SolutionProperties) = preSolution
		HideSolutionNode = FALSE
	EndGlobalSection
	GlobalSection(ExtensibilityGlobals) = postSolution
		SolutionGuid = {BFF53296-77F6-4568-8019-A274476D123D}
	EndGlobalSection
EndGlobal
