
Microsoft Visual Studio Solution File, Format Version 12.00
# Visual Studio Version 16
VisualStudioVersion = 25.0.1705.7
MinimumVisualStudioVersion = 10.0.40219.1
Project("{FAE04EC0-301F-11D3-BF4B-00C04F79EFBC}") = "ThePropertiesofArrows", "ThePropertiesofArrows\ThePropertiesofArrows.csproj", "{2470732C-9927-4519-BF22-FEEFCE4D0447}"
EndProject
Global
	GlobalSection(SolutionConfigurationPlatforms) = preSolution
		Debug|Any CPU = Debug|Any CPU
		Release|Any CPU = Release|Any CPU
	EndGlobalSection
	GlobalSection(ProjectConfigurationPlatforms) = postSolution
		{2470732C-9927-4519-BF22-FEEFCE4D0447}.Debug|Any CPU.ActiveCfg = Debug|Any CPU
		{2470732C-9927-4519-BF22-FEEFCE4D0447}.Debug|Any CPU.Build.0 = Debug|Any CPU
		{2470732C-9927-4519-BF22-FEEFCE4D0447}.Release|Any CPU.ActiveCfg = Release|Any CPU
		{2470732C-9927-4519-BF22-FEEFCE4D0447}.Release|Any CPU.Build.0 = Release|Any CPU
	EndGlobalSection
	GlobalSection(SolutionProperties) = preSolution
		HideSolutionNode = FALSE
	EndGlobalSection
	GlobalSection(ExtensibilityGlobals) = postSolution
		SolutionGuid = {BD39C9D9-5637-4023-8CD8-9D0B48B2B404}
	EndGlobalSection
EndGlobal
