
Microsoft Visual Studio Solution File, Format Version 12.00
# Visual Studio Version 16
VisualStudioVersion = 25.0.1705.7
MinimumVisualStudioVersion = 10.0.40219.1
Project("{FAE04EC0-301F-11D3-BF4B-00C04F79EFBC}") = "TheCard", "TheCard\TheCard.csproj", "{BD73BBD5-DBC0-4512-9A2D-A04DA4098E09}"
EndProject
Global
	GlobalSection(SolutionConfigurationPlatforms) = preSolution
		Debug|Any CPU = Debug|Any CPU
		Release|Any CPU = Release|Any CPU
	EndGlobalSection
	GlobalSection(ProjectConfigurationPlatforms) = postSolution
		{BD73BBD5-DBC0-4512-9A2D-A04DA4098E09}.Debug|Any CPU.ActiveCfg = Debug|Any CPU
		{BD73BBD5-DBC0-4512-9A2D-A04DA4098E09}.Debug|Any CPU.Build.0 = Debug|Any CPU
		{BD73BBD5-DBC0-4512-9A2D-A04DA4098E09}.Release|Any CPU.ActiveCfg = Release|Any CPU
		{BD73BBD5-DBC0-4512-9A2D-A04DA4098E09}.Release|Any CPU.Build.0 = Release|Any CPU
	EndGlobalSection
	GlobalSection(SolutionProperties) = preSolution
		HideSolutionNode = FALSE
	EndGlobalSection
	GlobalSection(ExtensibilityGlobals) = postSolution
		SolutionGuid = {645B3CDC-8018-409E-99F8-9E6BB5E6CB28}
	EndGlobalSection
EndGlobal
