
Microsoft Visual Studio Solution File, Format Version 12.00
# Visual Studio Version 16
VisualStudioVersion = 25.0.1706.0
MinimumVisualStudioVersion = 10.0.40219.1
Project("{FAE04EC0-301F-11D3-BF4B-00C04F79EFBC}") = "RoomCoordinates", "RoomCoordinates\RoomCoordinates.csproj", "{225615AB-E16C-4C97-AB1A-7E2C12EE3C0B}"
EndProject
Global
	GlobalSection(SolutionConfigurationPlatforms) = preSolution
		Debug|Any CPU = Debug|Any CPU
		Release|Any CPU = Release|Any CPU
	EndGlobalSection
	GlobalSection(ProjectConfigurationPlatforms) = postSolution
		{225615AB-E16C-4C97-AB1A-7E2C12EE3C0B}.Debug|Any CPU.ActiveCfg = Debug|Any CPU
		{225615AB-E16C-4C97-AB1A-7E2C12EE3C0B}.Debug|Any CPU.Build.0 = Debug|Any CPU
		{225615AB-E16C-4C97-AB1A-7E2C12EE3C0B}.Release|Any CPU.ActiveCfg = Release|Any CPU
		{225615AB-E16C-4C97-AB1A-7E2C12EE3C0B}.Release|Any CPU.Build.0 = Release|Any CPU
	EndGlobalSection
	GlobalSection(SolutionProperties) = preSolution
		HideSolutionNode = FALSE
	EndGlobalSection
	GlobalSection(ExtensibilityGlobals) = postSolution
		SolutionGuid = {DB6AA3F5-EAE9-4E46-9454-6B8433BD6F54}
	EndGlobalSection
EndGlobal
