
Microsoft Visual Studio Solution File, Format Version 12.00
# Visual Studio Version 16
VisualStudioVersion = 25.0.1706.0
MinimumVisualStudioVersion = 10.0.40219.1
Project("{FAE04EC0-301F-11D3-BF4B-00C04F79EFBC}") = "TheFountainofObjects", "TheFountainofObjects\TheFountainofObjects.csproj", "{EE53359B-A350-4BD1-999B-322347ACD623}"
EndProject
Global
	GlobalSection(SolutionConfigurationPlatforms) = preSolution
		Debug|Any CPU = Debug|Any CPU
		Release|Any CPU = Release|Any CPU
	EndGlobalSection
	GlobalSection(ProjectConfigurationPlatforms) = postSolution
		{EE53359B-A350-4BD1-999B-322347ACD623}.Debug|Any CPU.ActiveCfg = Debug|Any CPU
		{EE53359B-A350-4BD1-999B-322347ACD623}.Debug|Any CPU.Build.0 = Debug|Any CPU
		{EE53359B-A350-4BD1-999B-322347ACD623}.Release|Any CPU.ActiveCfg = Release|Any CPU
		{EE53359B-A350-4BD1-999B-322347ACD623}.Release|Any CPU.Build.0 = Release|Any CPU
	EndGlobalSection
	GlobalSection(SolutionProperties) = preSolution
		HideSolutionNode = FALSE
	EndGlobalSection
	GlobalSection(ExtensibilityGlobals) = postSolution
		SolutionGuid = {DF5FABA6-1F19-48C9-B77B-4BE2A573F869}
	EndGlobalSection
EndGlobal
