
Microsoft Visual Studio Solution File, Format Version 12.00
# Visual Studio Version 16
VisualStudioVersion = 25.0.1705.7
MinimumVisualStudioVersion = 10.0.40219.1
Project("{FAE04EC0-301F-11D3-BF4B-00C04F79EFBC}") = "ArrowFactories", "ArrowFactories\ArrowFactories.csproj", "{BCE1F7C2-1785-403D-AB02-BC5D8714B5DE}"
EndProject
Global
	GlobalSection(SolutionConfigurationPlatforms) = preSolution
		Debug|Any CPU = Debug|Any CPU
		Release|Any CPU = Release|Any CPU
	EndGlobalSection
	GlobalSection(ProjectConfigurationPlatforms) = postSolution
		{BCE1F7C2-1785-403D-AB02-BC5D8714B5DE}.Debug|Any CPU.ActiveCfg = Debug|Any CPU
		{BCE1F7C2-1785-403D-AB02-BC5D8714B5DE}.Debug|Any CPU.Build.0 = Debug|Any CPU
		{BCE1F7C2-1785-403D-AB02-BC5D8714B5DE}.Release|Any CPU.ActiveCfg = Release|Any CPU
		{BCE1F7C2-1785-403D-AB02-BC5D8714B5DE}.Release|Any CPU.Build.0 = Release|Any CPU
	EndGlobalSection
	GlobalSection(SolutionProperties) = preSolution
		HideSolutionNode = FALSE
	EndGlobalSection
	GlobalSection(ExtensibilityGlobals) = postSolution
		SolutionGuid = {23B53DD0-0DC5-48E3-BC44-5863160D7B8E}
	EndGlobalSection
EndGlobal
