
Microsoft Visual Studio Solution File, Format Version 12.00
# Visual Studio Version 16
VisualStudioVersion = 25.0.1706.0
MinimumVisualStudioVersion = 10.0.40219.1
Project("{FAE04EC0-301F-11D3-BF4B-00C04F79EFBC}") = "ThePasswordValidator", "ThePasswordValidator\ThePasswordValidator.csproj", "{54A86FB9-1F06-406D-A918-C04212AE22BA}"
EndProject
Global
	GlobalSection(SolutionConfigurationPlatforms) = preSolution
		Debug|Any CPU = Debug|Any CPU
		Release|Any CPU = Release|Any CPU
	EndGlobalSection
	GlobalSection(ProjectConfigurationPlatforms) = postSolution
		{54A86FB9-1F06-406D-A918-C04212AE22BA}.Debug|Any CPU.ActiveCfg = Debug|Any CPU
		{54A86FB9-1F06-406D-A918-C04212AE22BA}.Debug|Any CPU.Build.0 = Debug|Any CPU
		{54A86FB9-1F06-406D-A918-C04212AE22BA}.Release|Any CPU.ActiveCfg = Release|Any CPU
		{54A86FB9-1F06-406D-A918-C04212AE22BA}.Release|Any CPU.Build.0 = Release|Any CPU
	EndGlobalSection
	GlobalSection(SolutionProperties) = preSolution
		HideSolutionNode = FALSE
	EndGlobalSection
	GlobalSection(ExtensibilityGlobals) = postSolution
		SolutionGuid = {92FF9DA4-4585-415D-A4DB-B95F228B4980}
	EndGlobalSection
EndGlobal
