
Microsoft Visual Studio Solution File, Format Version 12.00
# Visual Studio Version 16
VisualStudioVersion = 25.0.1705.7
MinimumVisualStudioVersion = 10.0.40219.1
Project("{FAE04EC0-301F-11D3-BF4B-00C04F79EFBC}") = "ThePoint", "ThePoint\ThePoint.csproj", "{C7BB5456-FD2E-44CC-9C93-D85E52EBE106}"
EndProject
Global
	GlobalSection(SolutionConfigurationPlatforms) = preSolution
		Debug|Any CPU = Debug|Any CPU
		Release|Any CPU = Release|Any CPU
	EndGlobalSection
	GlobalSection(ProjectConfigurationPlatforms) = postSolution
		{C7BB5456-FD2E-44CC-9C93-D85E52EBE106}.Debug|Any CPU.ActiveCfg = Debug|Any CPU
		{C7BB5456-FD2E-44CC-9C93-D85E52EBE106}.Debug|Any CPU.Build.0 = Debug|Any CPU
		{C7BB5456-FD2E-44CC-9C93-D85E52EBE106}.Release|Any CPU.ActiveCfg = Release|Any CPU
		{C7BB5456-FD2E-44CC-9C93-D85E52EBE106}.Release|Any CPU.Build.0 = Release|Any CPU
	EndGlobalSection
	GlobalSection(SolutionProperties) = preSolution
		HideSolutionNode = FALSE
	EndGlobalSection
	GlobalSection(ExtensibilityGlobals) = postSolution
		SolutionGuid = {31A98F02-4960-4194-9885-635B5DD45D44}
	EndGlobalSection
EndGlobal
